<?xml version="1.0" encoding="utf-8"?>
<Project ToolsVersion="4.0" xmlns="http://schemas.microsoft.com/developer/msbuild/2003">
  <ItemGroup>
    <Filter Include="Zdrojové soubory">
      <UniqueIdentifier>{4FC737F1-C7A5-4376-A066-2A32D752A2FF}</UniqueIdentifier>
      <Extensions>cpp;c;cc;cxx;c++;cppm;ixx;def;odl;idl;hpj;bat;asm;asmx</Extensions>
    </Filter>
    <Filter Include="Hlavičkové soubory">
      <UniqueIdentifier>{93995380-89BD-4b04-88EB-625FBE52EBFB}</UniqueIdentifier>
      <Extensions>h;hh;hpp;hxx;h++;hm;inl;inc;ipp;xsd</Extensions>
    </Filter>
    <Filter Include="Modely">
      <UniqueIdentifier>{1da17560-2630-4d7f-b0f2-66e18175887a}</UniqueIdentifier>
      <Extensions>model</Extensions>
    </Filter>
    <Filter Include="Shadery">
      <UniqueIdentifier>{cf2c7b1a-dcd9-4539-89c9-cd3975c45747}</UniqueIdentifier>
      <Extensions>vert;frag</Extensions>
    </Filter>
  </ItemGroup>
  <ItemGroup>
    <ClCompile Include="src\core\Application.cpp">
      <Filter>Zdrojové soubory</Filter>
    </ClCompile>
    <ClCompile Include="src\core\Callback.cpp">
      <Filter>Zdrojové soubory</Filter>
    </ClCompile>
    <ClCompile Include="src\core\Camera.cpp">
      <Filter>Zdrojové soubory</Filter>
    </ClCompile>
    <ClCompile Include="src\core\main.cpp">
      <Filter>Zdrojové soubory</Filter>
    </ClCompile>
    <ClCompile Include="src\core\Scene.cpp">
      <Filter>Zdrojové soubory</Filter>
    </ClCompile>
    <ClCompile Include="src\rendering\Material.cpp">
      <Filter>Zdrojové soubory</Filter>
    </ClCompile>
    <ClCompile Include="src\rendering\ShaderLoader.cpp">
      <Filter>Zdrojové soubory</Filter>
    </ClCompile>
    <ClCompile Include="src\rendering\ShaderProgram.cpp">
      <Filter>Zdrojové soubory</Filter>
    </ClCompile>
    <ClCompile Include="src\rendering\VAO.cpp">
      <Filter>Zdrojové soubory</Filter>
    </ClCompile>
    <ClCompile Include="src\rendering\VBO.cpp">
      <Filter>Zdrojové soubory</Filter>
    </ClCompile>
    <ClCompile Include="src\objects\Bush.cpp">
      <Filter>Zdrojové soubory</Filter>
    </ClCompile>
    <ClCompile Include="src\objects\ModelAssimp.cpp">
      <Filter>Zdrojové soubory</Filter>
    </ClCompile>
    <ClCompile Include="src\objects\Plain.cpp">
      <Filter>Zdrojové soubory</Filter>
    </ClCompile>
    <ClCompile Include="src\objects\SkyCube.cpp">
      <Filter>Zdrojové soubory</Filter>
    </ClCompile>
    <ClCompile Include="src\objects\Sphere.cpp">
      <Filter>Zdrojové soubory</Filter>
    </ClCompile>
    <ClCompile Include="src\objects\Tree.cpp">
      <Filter>Zdrojové soubory</Filter>
    </ClCompile>
    <ClCompile Include="src\objects\Firefly.cpp">
      <Filter>Zdrojové soubory</Filter>
    </ClCompile>
    <ClCompile Include="src\lights\DirectionalLight.cpp">
      <Filter>Zdrojové soubory</Filter>
    </ClCompile>
    <ClCompile Include="src\lights\Light.cpp">
      <Filter>Zdrojové soubory</Filter>
    </ClCompile>
    <ClCompile Include="src\lights\PointLight.cpp">
      <Filter>Zdrojové soubory</Filter>
    </ClCompile>
    <ClCompile Include="src\lights\SpotLight.cpp">
      <Filter>Zdrojové soubory</Filter>
    </ClCompile>
    <ClCompile Include="src\transformations\DynamicRotation.cpp">
      <Filter>Zdrojové soubory</Filter>
    </ClCompile>
    <ClCompile Include="src\transformations\Rotation.cpp">
      <Filter>Zdrojové soubory</Filter>
    </ClCompile>
    <ClCompile Include="src\transformations\Scale.cpp">
      <Filter>Zdrojové soubory</Filter>
    </ClCompile>
    <ClCompile Include="src\transformations\Transformation.cpp">
      <Filter>Zdrojové soubory</Filter>
    </ClCompile>
    <ClCompile Include="src\transformations\Translation.cpp">
      <Filter>Zdrojové soubory</Filter>
    </ClCompile>
    <ClCompile Include="src\patterns\Subject.cpp">
      <Filter>Zdrojové soubory</Filter>
    </ClCompile>
  </ItemGroup>
  <ItemGroup>
    <None Include="src\data\bush.model">
      <Filter>Modely</Filter>
    </None>
    <None Include="src\data\plain.model">
      <Filter>Modely</Filter>
    </None>
    <None Include="src\data\skycube.model">
      <Filter>Modely</Filter>
    </None>
    <None Include="src\data\sphere.model">
      <Filter>Modely</Filter>
    </None>
    <None Include="src\data\tree.model">
      <Filter>Modely</Filter>
    </None>
  </ItemGroup>
  <ItemGroup>
    <ClInclude Include="src\core\Application.h">
      <Filter>Hlavičkové soubory</Filter>
    </ClInclude>
    <ClInclude Include="src\core\Callback.h">
      <Filter>Hlavičkové soubory</Filter>
    </ClInclude>
    <ClInclude Include="src\core\Camera.h">
      <Filter>Hlavičkové soubory</Filter>
    </ClInclude>
    <ClInclude Include="src\core\Scene.h">
      <Filter>Hlavičkové soubory</Filter>
    </ClInclude>
    <ClInclude Include="src\rendering\Material.h">
      <Filter>Hlavičkové soubory</Filter>
    </ClInclude>
    <ClInclude Include="src\rendering\ShaderLoader.h">
      <Filter>Hlavičkové soubory</Filter>
    </ClInclude>
    <ClInclude Include="src\rendering\ShaderProgram.h">
      <Filter>Hlavičkové soubory</Filter>
    </ClInclude>
    <ClInclude Include="src\rendering\VAO.h">
      <Filter>Hlavičkové soubory</Filter>
    </ClInclude>
    <ClInclude Include="src\rendering\VBO.h">
      <Filter>Hlavičkové soubory</Filter>
    </ClInclude>
    <ClInclude Include="src\objects\Bush.h">
      <Filter>Hlavičkové soubory</Filter>
    </ClInclude>
    <ClInclude Include="src\objects\DrawableObject.h">
      <Filter>Hlavičkové soubory</Filter>
    </ClInclude>
    <ClInclude Include="src\objects\ModelAssimp.h">
      <Filter>Hlavičkové soubory</Filter>
    </ClInclude>
    <ClInclude Include="src\objects\Plain.h">
      <Filter>Hlavičkové soubory</Filter>
    </ClInclude>
    <ClInclude Include="src\objects\SkyCube.h">
      <Filter>Hlavičkové soubory</Filter>
    </ClInclude>
    <ClInclude Include="src\objects\Sphere.h">
      <Filter>Hlavičkové soubory</Filter>
    </ClInclude>
    <ClInclude Include="src\objects\Tree.h">
      <Filter>Hlavičkové soubory</Filter>
    </ClInclude>
    <ClInclude Include="src\objects\Firefly.h">
      <Filter>Hlavičkové soubory</Filter>
    </ClInclude>
    <ClInclude Include="src\lights\DirectionalLight.h">
      <Filter>Hlavičkové soubory</Filter>
    </ClInclude>
    <ClInclude Include="src\lights\Light.h">
      <Filter>Hlavičkové soubory</Filter>
    </ClInclude>
    <ClInclude Include="src\lights\PointLight.h">
      <Filter>Hlavičkové soubory</Filter>
    </ClInclude>
    <ClInclude Include="src\lights\SpotLight.h">
      <Filter>Hlavičkové soubory</Filter>
    </ClInclude>
    <ClInclude Include="src\transformations\BasicTransformation.h">
      <Filter>Hlavičkové soubory</Filter>
    </ClInclude>
    <ClInclude Include="src\transformations\DynamicRotation.h">
      <Filter>Hlavičkové soubory</Filter>
    </ClInclude>
    <ClInclude Include="src\transformations\Rotation.h">
      <Filter>Hlavičkové soubory</Filter>
    </ClInclude>
    <ClInclude Include="src\transformations\Scale.h">
      <Filter>Hlavičkové soubory</Filter>
    </ClInclude>
    <ClInclude Include="src\transformations\Transformation.h">
      <Filter>Hlavičkové soubory</Filter>
    </ClInclude>
    <ClInclude Include="src\transformations\Translation.h">
      <Filter>Hlavičkové soubory</Filter>
    </ClInclude>
    <ClInclude Include="src\patterns\Observer.h">
      <Filter>Hlavičkové soubory</Filter>
    </ClInclude>
    <ClInclude Include="src\patterns\Subject.h">
      <Filter>Hlavičkové soubory</Filter>
    </ClInclude>
  </ItemGroup>
  <ItemGroup>
    <None Include="shaders\assimp.frag">
      <Filter>Shadery</Filter>
    </None>
    <None Include="shaders\assimp.vert">
      <Filter>Shadery</Filter>
    </None>
    <None Include="shaders\blinn.frag">
      <Filter>Shadery</Filter>
    </None>
    <None Include="shaders\blinn.vert">
      <Filter>Shadery</Filter>
    </None>
    <None Include="shaders\constant.frag">
      <Filter>Shadery</Filter>
    </None>
    <None Include="shaders\constant.vert">
      <Filter>Shadery</Filter>
    </None>
    <None Include="shaders\fragmentShader.frag">
      <Filter>Shadery</Filter>
    </None>
    <None Include="shaders\lambert.frag">
      <Filter>Shadery</Filter>
    </None>
    <None Include="shaders\lambert.vert">
      <Filter>Shadery</Filter>
    </None>
    <None Include="shaders\phong.frag">
      <Filter>Shadery</Filter>
    </None>
    <None Include="shaders\phong.vert">
      <Filter>Shadery</Filter>
    </None>
    <None Include="shaders\skycube.frag">
      <Filter>Shadery</Filter>
    </None>
    <None Include="shaders\skycube.vert">
      <Filter>Shadery</Filter>
    </None>
    <None Include="shaders\texture.frag">
      <Filter>Shadery</Filter>
    </None>
    <None Include="shaders\texture.vert">
      <Filter>Shadery</Filter>
    </None>
    <None Include="shaders\vertexShader.vert">
      <Filter>Shadery</Filter>
    </None>
  </ItemGroup>
</Project>